{
  "version": 1,
  "dependencies": {
    "net8.0-windows7.0": {
      "AvalonEdit": {
        "type": "Direct",
        "requested": "[6.3.1.120, )",
        "resolved": "6.3.1.120",
        "contentHash": "6ASBKPzAg64BLDlFOJo4Ypr1sA/6hB5+TfHLJaZYUSTE0jgxvKlVqKeo/ISTG9qEMxu604qUu6BGugmJkfdrNw=="
      },
      "CommunityToolkit.Mvvm": {
        "type": "Direct",
        "requested": "[8.4.0, )",
        "resolved": "8.4.0",
        "contentHash": "tqVU8yc/ADO9oiTRyTnwhFN68hCwvkliMierptWOudIAvWY1mWCh5VFh+guwHJmpMwfg0J0rY+yyd5Oy7ty9Uw=="
      },
      "Microsoft.CodeAnalysis.CSharp.Scripting": {
        "type": "Direct",
        "requested": "[4.14.0, )",
        "resolved": "4.14.0",
        "contentHash": "Ji6L9o7JY7tVMthoqInsksPLDE0tfAvJURC9Xe038N4FyXH2wKS4K/sG/bDbdJoK1oFIOLtyPEe2POJ+/AeGZg==",
        "dependencies": {
          "Microsoft.CSharp": "4.7.0",
          "Microsoft.CodeAnalysis.Analyzers": "3.11.0",
          "Microsoft.CodeAnalysis.CSharp": "[4.14.0]",
          "Microsoft.CodeAnalysis.Common": "[4.14.0]",
          "Microsoft.CodeAnalysis.Scripting.Common": "[4.14.0]",
          "System.Collections.Immutable": "9.0.0",
          "System.Reflection.Metadata": "9.0.0"
        }
      },
      "Microsoft.CodeAnalysis.Scripting.Common": {
        "type": "Direct",
        "requested": "[4.14.0, )",
        "resolved": "4.14.0",
        "contentHash": "YRFoYZQU4VPlB+Xwwtj8gIHXxMyuhGXyj207IWHcsSNaJtW83My0FGv6jtN9gC/HkxgjdMYJORPjBwUx3+FVjQ==",
        "dependencies": {
          "Microsoft.CodeAnalysis.Analyzers": "3.11.0",
          "Microsoft.CodeAnalysis.Common": "[4.14.0]",
          "System.Collections.Immutable": "9.0.0",
          "System.Reflection.Metadata": "9.0.0"
        }
      },
      "Microsoft.CSharp": {
        "type": "Direct",
        "requested": "[4.7.0, )",
        "resolved": "4.7.0",
        "contentHash": "pTj+D3uJWyN3My70i2Hqo+OXixq3Os2D1nJ2x92FFo6sk8fYS1m1WLNTs0Dc1uPaViH0YvEEwvzddQ7y4rhXmA=="
      },
      "Microsoft.EntityFrameworkCore": {
        "type": "Direct",
        "requested": "[9.0.7, )",
        "resolved": "9.0.7",
        "contentHash": "PbD0q5ax15r91jD4TN7xbDCjldZSz4JfpYN4ZZjAkWeUyROkV92Ydg0O2/1keFA+2u3KPsDkJMmBKv2zQ06ZVg==",
        "dependencies": {
          "Microsoft.EntityFrameworkCore.Abstractions": "9.0.7",
          "Microsoft.EntityFrameworkCore.Analyzers": "9.0.7",
          "Microsoft.Extensions.Caching.Memory": "9.0.7",
          "Microsoft.Extensions.Logging": "9.0.7"
        }
      },
      "Microsoft.EntityFrameworkCore.InMemory": {
        "type": "Direct",
        "requested": "[9.0.7, )",
        "resolved": "9.0.7",
        "contentHash": "/EQbD4/m83r3AW4z69SIwjRvEPFJchhCIQ80DbUiw3H6T2fXEVCf6YjbBlLE6Q/syHYu2JYBScxyAQ4/q8J2xA==",
        "dependencies": {
          "Microsoft.EntityFrameworkCore": "9.0.7",
          "Microsoft.Extensions.Caching.Memory": "9.0.7",
          "Microsoft.Extensions.Logging": "9.0.7"
        }
      },
      "Microsoft.EntityFrameworkCore.Sqlite": {
        "type": "Direct",
        "requested": "[9.0.7, )",
        "resolved": "9.0.7",
        "contentHash": "87dAv0nX4rBIa29L7sZdUZ1FE4NDn9J51g6WJ+j5dTUQwNEg52YDEmo+/TxBtRnBSAca9boo80k8F7+LzUo2qQ==",
        "dependencies": {
          "Microsoft.EntityFrameworkCore.Sqlite.Core": "9.0.7",
          "Microsoft.Extensions.Caching.Memory": "9.0.7",
          "Microsoft.Extensions.Configuration.Abstractions": "9.0.7",
          "Microsoft.Extensions.DependencyModel": "9.0.7",
          "Microsoft.Extensions.Logging": "9.0.7",
          "SQLitePCLRaw.bundle_e_sqlite3": "2.1.10",
          "SQLitePCLRaw.core": "2.1.10",
          "System.Text.Json": "9.0.7"
        }
      },
      "Microsoft.Extensions.Configuration": {
        "type": "Direct",
        "requested": "[9.0.7, )",
        "resolved": "9.0.7",
        "contentHash": "oxGR51+w5cXm5B9gU6XwpAB2sTiyPSmZm7hjvv0rzRnmL5o/KZzE103AuQj7sK26OBupjVzU/bZxDWvvU4nhEg==",
        "dependencies": {
          "Microsoft.Extensions.Configuration.Abstractions": "9.0.7",
          "Microsoft.Extensions.Primitives": "9.0.7"
        }
      },
      "Microsoft.Extensions.DependencyInjection": {
        "type": "Direct",
        "requested": "[9.0.7, )",
        "resolved": "9.0.7",
        "contentHash": "i05AYA91vgq0as84ROVCyltD2gnxaba/f1Qw2rG7mUsS0gv8cPTr1Gm7jPQHq7JTr4MJoQUcanLVs16tIOUJaQ==",
        "dependencies": {
          "Microsoft.Extensions.DependencyInjection.Abstractions": "9.0.7"
        }
      },
      "Microsoft.Extensions.Hosting": {
        "type": "Direct",
        "requested": "[9.0.7, )",
        "resolved": "9.0.7",
        "contentHash": "Dkv55VfitwJjPUk9mFHxT9MJAd8su7eJNaCHhBU/Y9xFqw3ZNHwrpeptXeaXiaPtfQq+alMmawIz1Impk5pHkQ==",
        "dependencies": {
          "Microsoft.Extensions.Configuration": "9.0.7",
          "Microsoft.Extensions.Configuration.Abstractions": "9.0.7",
          "Microsoft.Extensions.Configuration.Binder": "9.0.7",
          "Microsoft.Extensions.Configuration.CommandLine": "9.0.7",
          "Microsoft.Extensions.Configuration.EnvironmentVariables": "9.0.7",
          "Microsoft.Extensions.Configuration.FileExtensions": "9.0.7",
          "Microsoft.Extensions.Configuration.Json": "9.0.7",
          "Microsoft.Extensions.Configuration.UserSecrets": "9.0.7",
          "Microsoft.Extensions.DependencyInjection": "9.0.7",
          "Microsoft.Extensions.DependencyInjection.Abstractions": "9.0.7",
          "Microsoft.Extensions.Diagnostics": "9.0.7",
          "Microsoft.Extensions.FileProviders.Abstractions": "9.0.7",
          "Microsoft.Extensions.FileProviders.Physical": "9.0.7",
          "Microsoft.Extensions.Hosting.Abstractions": "9.0.7",
          "Microsoft.Extensions.Logging": "9.0.7",
          "Microsoft.Extensions.Logging.Abstractions": "9.0.7",
          "Microsoft.Extensions.Logging.Configuration": "9.0.7",
          "Microsoft.Extensions.Logging.Console": "9.0.7",
          "Microsoft.Extensions.Logging.Debug": "9.0.7",
          "Microsoft.Extensions.Logging.EventLog": "9.0.7",
          "Microsoft.Extensions.Logging.EventSource": "9.0.7",
          "Microsoft.Extensions.Options": "9.0.7"
        }
      },
      "Microsoft.Extensions.Logging": {
        "type": "Direct",
        "requested": "[9.0.7, )",
        "resolved": "9.0.7",
        "contentHash": "fdIeQpXYV8yxSWG03cCbU2Otdrq4NWuhnQLXokWLv3L9YcK055E7u8WFJvP+uuP4CFeCEoqZQL4yPcjuXhCZrg==",
        "dependencies": {
          "Microsoft.Extensions.DependencyInjection": "9.0.7",
          "Microsoft.Extensions.Logging.Abstractions": "9.0.7",
          "Microsoft.Extensions.Options": "9.0.7"
        }
      },
      "Newtonsoft.Json": {
        "type": "Direct",
        "requested": "[13.0.3, )",
        "resolved": "13.0.3",
        "contentHash": "HrC5BXdl00IP9zeV+0Z848QWPAoCr9P3bDEZguI+gkLcBKAOxix/tLEAAHC+UvDNPv4a2d18lOReHMOagPa+zQ=="
      },
      "NuGet.Common": {
        "type": "Direct",
        "requested": "[6.11.1, )",
        "resolved": "6.11.1",
        "contentHash": "6ouw0UC3TGaFHNJyoEK2/Q5jSryRHzcbKGv9C0+t/TPnTP8PoLqnyFxO1dwmQUmJkWuKAUo6Vu0kIXHY/8LyKQ==",
        "dependencies": {
          "NuGet.Frameworks": "6.11.1"
        }
      },
      "NuGet.Configuration": {
        "type": "Direct",
        "requested": "[6.11.1, )",
        "resolved": "6.11.1",
        "contentHash": "vbEe2acKrI2QmNx9U94ewhgUt6cLpwBeQfMtrie6NMz+GkJcX/4qIkKsX3SeBO4gFgCf8eeTyURl5hxPtiUctw==",
        "dependencies": {
          "NuGet.Common": "6.11.1",
          "System.Security.Cryptography.ProtectedData": "4.4.0"
        }
      },
      "NuGet.Frameworks": {
        "type": "Direct",
        "requested": "[6.11.1, )",
        "resolved": "6.11.1",
        "contentHash": "plTZ3ariSWQVsFn2mk83SsdmSg1VpgIMTSZpP/eSE/NNQF02p+M9ItxAYeUZBMX+cQ2nFkSwxQRJ0/fkaV9Hbg=="
      },
      "NuGet.PackageManagement": {
        "type": "Direct",
        "requested": "[6.11.1, )",
        "resolved": "6.11.1",
        "contentHash": "hZKh5CaDfCrl6gd/PiyKUEoucTC+qvmRiR2J18WXuacPD97tpPiVz6K8YRxzRNzEbCDsgXG8b5fDn1JYAv87ng==",
        "dependencies": {
          "Microsoft.CSharp": "4.3.0",
          "Microsoft.Web.Xdt": "3.0.0",
          "NuGet.Commands": "6.11.1",
          "NuGet.Resolver": "6.11.1",
          "System.ComponentModel.Composition": "4.5.0"
        }
      },
      "NuGet.Protocol": {
        "type": "Direct",
        "requested": "[6.11.1, )",
        "resolved": "6.11.1",
        "contentHash": "WkYlSuNHNt/j1tbHp/xjvwk2EsIdSM3raEjk3EfIFd62ER1+x4eC8/J1VKqnve6cTupF4LsuwD3Z4YCumnfCXw==",
        "dependencies": {
          "NuGet.Packaging": "6.11.1"
        }
      },
      "NuGet.Resolver": {
        "type": "Direct",
        "requested": "[6.11.1, )",
        "resolved": "6.11.1",
        "contentHash": "MkfKq2o2t/pfpDgRjfSqKzSUBKO4M6C45F9Ooybpr1jrndigDikqZ7k09j2v0OXzjQHqTZ83OhA0VP3k6kfEzA==",
        "dependencies": {
          "NuGet.Protocol": "6.11.1"
        }
      },
      "NuGet.Versioning": {
        "type": "Direct",
        "requested": "[6.11.1, )",
        "resolved": "6.11.1",
        "contentHash": "YNn3BB71F+guJW42TbAhGcMh3gpyqFMZcPVD9pm5vcvGivTALtRely/VCPWQQ6JQ5PfwIrjPaJMO7VnqyeK3rg=="
      },
      "System.Diagnostics.PerformanceCounter": {
        "type": "Direct",
        "requested": "[9.0.7, )",
        "resolved": "9.0.7",
        "contentHash": "TjjrytnKEXzDqu5Fo1HNc5YNcLfrvtkxtBySOiXI4BQiOTsA1ZZi/CqULvWl3OKX9N6H1eCzNYIz21GLoV+RWg==",
        "dependencies": {
          "System.Configuration.ConfigurationManager": "9.0.7"
        }
      },
      "System.Text.Json": {
        "type": "Direct",
        "requested": "[9.0.7, )",
        "resolved": "9.0.7",
        "contentHash": "u/lN2FEEXs3ghj2ta8tWA4r2MS9Yni07K7jDmnz8h1UPDf0lIIIEMkWx383Zz4fJjJio7gDl+00RYuQ/7R8ZQw==",
        "dependencies": {
          "System.IO.Pipelines": "9.0.7",
          "System.Text.Encodings.Web": "9.0.7"
        }
      },
      "Microsoft.CodeAnalysis.Analyzers": {
        "type": "Transitive",
        "resolved": "3.11.0",
        "contentHash": "v/EW3UE8/lbEYHoC2Qq7AR/DnmvpgdtAMndfQNmpuIMx/Mto8L5JnuCfdBYtgvalQOtfNCnxFejxuRrryvUTsg=="
      },
      "Microsoft.CodeAnalysis.Common": {
        "type": "Transitive",
        "resolved": "4.14.0",
        "contentHash": "PC3tuwZYnC+idaPuoC/AZpEdwrtX7qFpmnrfQkgobGIWiYmGi5MCRtl5mx6QrfMGQpK78X2lfIEoZDLg/qnuHg==",
        "dependencies": {
          "Microsoft.CodeAnalysis.Analyzers": "3.11.0",
          "System.Collections.Immutable": "9.0.0",
          "System.Reflection.Metadata": "9.0.0"
        }
      },
      "Microsoft.CodeAnalysis.CSharp": {
        "type": "Transitive",
        "resolved": "4.14.0",
        "contentHash": "568a6wcTivauIhbeWcCwfWwIn7UV7MeHEBvFB2uzGIpM2OhJ4eM/FZ8KS0yhPoNxnSpjGzz7x7CIjTxhslojQA==",
        "dependencies": {
          "Microsoft.CodeAnalysis.Analyzers": "3.11.0",
          "Microsoft.CodeAnalysis.Common": "[4.14.0]",
          "System.Collections.Immutable": "9.0.0",
          "System.Reflection.Metadata": "9.0.0"
        }
      },
      "Microsoft.Data.Sqlite.Core": {
        "type": "Transitive",
        "resolved": "9.0.7",
        "contentHash": "yjlU0Wu0tAexFPlo/bbkYFMWyEkVHqr5AONyh91YJ4KH+hys+eAzHQxd14aZwtQOgpJ5s9r3QL9+tVJww8w69Q==",
        "dependencies": {
          "SQLitePCLRaw.core": "2.1.10"
        }
      },
      "Microsoft.EntityFrameworkCore.Abstractions": {
        "type": "Transitive",
        "resolved": "9.0.7",
        "contentHash": "YUXNerEkCf4OANO+zjuMznpUW7R8XxSCqmBfYhBrbrJVc09i84KkNgeUTaOUXCGogSK/3d7ORRhMqfUobnejBg=="
      },
      "Microsoft.EntityFrameworkCore.Analyzers": {
        "type": "Transitive",
        "resolved": "9.0.7",
        "contentHash": "HqiPjAvjVOsyA1svnjL81/Wk2MRQYMK/lxKVWvw0f5IcA//VcxBepVSAqe7CFirdsPXqe8rFKEwZROWZTz7Jqw=="
      },
      "Microsoft.EntityFrameworkCore.Relational": {
        "type": "Transitive",
        "resolved": "9.0.7",
        "contentHash": "Yo5joquG7L79H5BhtpqP8apu+KFOAYfvmj0dZnVkPElBY14wY5qva0SOcrDWzYw5BrJrhIArfCcJCJHBvMYiKg==",
        "dependencies": {
          "Microsoft.EntityFrameworkCore": "9.0.7",
          "Microsoft.Extensions.Caching.Memory": "9.0.7",
          "Microsoft.Extensions.Configuration.Abstractions": "9.0.7",
          "Microsoft.Extensions.Logging": "9.0.7"
        }
      },
      "Microsoft.EntityFrameworkCore.Sqlite.Core": {
        "type": "Transitive",
        "resolved": "9.0.7",
        "contentHash": "DLB8n5Z7U8+xCkh+NSrvOlylCmveDg5RpPdqBftq5nU8Yt3vIdBg0X/YkESGDBWUL9h0vxuhgH2aqXL3FYz5tQ==",
        "dependencies": {
          "Microsoft.Data.Sqlite.Core": "9.0.7",
          "Microsoft.EntityFrameworkCore.Relational": "9.0.7",
          "Microsoft.Extensions.Caching.Memory": "9.0.7",
          "Microsoft.Extensions.Configuration.Abstractions": "9.0.7",
          "Microsoft.Extensions.DependencyModel": "9.0.7",
          "Microsoft.Extensions.Logging": "9.0.7",
          "SQLitePCLRaw.core": "2.1.10",
          "System.Text.Json": "9.0.7"
        }
      },
      "Microsoft.Extensions.Caching.Abstractions": {
        "type": "Transitive",
        "resolved": "9.0.7",
        "contentHash": "30necCQehcg9lFkMEIE7HczcoYGML8GUH6jlincA18d896fLZM9wl5tpTPJHgzANQE/6KXRLZSWbgevgg5csSw==",
        "dependencies": {
          "Microsoft.Extensions.Primitives": "9.0.7"
        }
      },
      "Microsoft.Extensions.Caching.Memory": {
        "type": "Transitive",
        "resolved": "9.0.7",
        "contentHash": "nDu6c8fwrHQYccLnWnvyElrdkL3rZ97TZNqL+niMFUcApVBHdpDmKcRvciGymJ4Y0iLDTOo5J2XhDQEbNb+dFg==",
        "dependencies": {
          "Microsoft.Extensions.Caching.Abstractions": "9.0.7",
          "Microsoft.Extensions.DependencyInjection.Abstractions": "9.0.7",
          "Microsoft.Extensions.Logging.Abstractions": "9.0.7",
          "Microsoft.Extensions.Options": "9.0.7",
          "Microsoft.Extensions.Primitives": "9.0.7"
        }
      },
      "Microsoft.Extensions.Configuration.Abstractions": {
        "type": "Transitive",
        "resolved": "9.0.7",
        "contentHash": "lut/kiVvNsQ120VERMUYSFhpXPpKjjql+giy03LesASPBBcC0o6+aoFdzJH9GaYpFTQ3fGVhVjKjvJDoAW5/IQ==",
        "dependencies": {
          "Microsoft.Extensions.Primitives": "9.0.7"
        }
      },
      "Microsoft.Extensions.Configuration.Binder": {
        "type": "Transitive",
        "resolved": "9.0.7",
        "contentHash": "ExY+zXHhU4o9KC2alp3ZdLWyVWVRSn5INqax5ABk+HEOHlAHzomhJ7ek9HHliyOMiVGoYWYaMFOGr9q59mSAGA==",
        "dependencies": {
          "Microsoft.Extensions.Configuration.Abstractions": "9.0.7"
        }
      },
      "Microsoft.Extensions.Configuration.CommandLine": {
        "type": "Transitive",
        "resolved": "9.0.7",
        "contentHash": "LqwdkMNFeRyuqExewBSaWj8roEgZH8JQ9zEAmHl5ZFcnhCvjAdHICdYVRIiSEq9RWGB731LL8kZJM8tdTKEscA==",
        "dependencies": {
          "Microsoft.Extensions.Configuration": "9.0.7",
          "Microsoft.Extensions.Configuration.Abstractions": "9.0.7"
        }
      },
      "Microsoft.Extensions.Configuration.EnvironmentVariables": {
        "type": "Transitive",
        "resolved": "9.0.7",
        "contentHash": "R8kgazVpDr4k1K7MeWPLAwsi5VpwrhE3ubXK38D9gpHEvf9XhZhJ8kWHKK00LDg5hJ7pMQLggdZ7XFdQ5182Ug==",
        "dependencies": {
          "Microsoft.Extensions.Configuration": "9.0.7",
          "Microsoft.Extensions.Configuration.Abstractions": "9.0.7"
        }
      },
      "Microsoft.Extensions.Configuration.FileExtensions": {
        "type": "Transitive",
        "resolved": "9.0.7",
        "contentHash": "3LVg32iMfR9ENeegXAo73L+877iOcQauLJsXlKZNVSsLA/HbPgClZdeMGdjLSkaidYw3l02XbXTlOdGYNgu91Q==",
        "dependencies": {
          "Microsoft.Extensions.Configuration": "9.0.7",
          "Microsoft.Extensions.Configuration.Abstractions": "9.0.7",
          "Microsoft.Extensions.FileProviders.Abstractions": "9.0.7",
          "Microsoft.Extensions.FileProviders.Physical": "9.0.7",
          "Microsoft.Extensions.Primitives": "9.0.7"
        }
      },
      "Microsoft.Extensions.Configuration.Json": {
        "type": "Transitive",
        "resolved": "9.0.7",
        "contentHash": "3HQV326liEInT9UKEc+k73f1ECwNhvDS/DJAe5WvtMKDJTJqTH2ujrUC2ZlK/j6pXyPbV9f0Ku8JB20JveGImg==",
        "dependencies": {
          "Microsoft.Extensions.Configuration": "9.0.7",
          "Microsoft.Extensions.Configuration.Abstractions": "9.0.7",
          "Microsoft.Extensions.Configuration.FileExtensions": "9.0.7",
          "Microsoft.Extensions.FileProviders.Abstractions": "9.0.7",
          "System.Text.Json": "9.0.7"
        }
      },
      "Microsoft.Extensions.Configuration.UserSecrets": {
        "type": "Transitive",
        "resolved": "9.0.7",
        "contentHash": "ouDuPgRdeF4TJXKUh+lbm6QwyWwnCy+ijiqfFM2cI5NmW83MwKg1WNp2nCdMVcwQW8wJXteF/L9lA6ZPS3bCIQ==",
        "dependencies": {
          "Microsoft.Extensions.Configuration.Abstractions": "9.0.7",
          "Microsoft.Extensions.Configuration.Json": "9.0.7",
          "Microsoft.Extensions.FileProviders.Abstractions": "9.0.7",
          "Microsoft.Extensions.FileProviders.Physical": "9.0.7"
        }
      },
      "Microsoft.Extensions.DependencyInjection.Abstractions": {
        "type": "Transitive",
        "resolved": "9.0.7",
        "contentHash": "iPK1FxbGFr2Xb+4Y+dTYI8Gupu9pOi8I3JPuPsrogUmEhe2hzZ9LpCmolMEBhVDo2ikcSr7G5zYiwaapHSQTew=="
      },
      "Microsoft.Extensions.DependencyModel": {
        "type": "Transitive",
        "resolved": "9.0.7",
        "contentHash": "aXEt8QW1Fj9aC81GfkMtfip4wfbkEA7VBvNkx6Rx6ZKyqXIF/9qzRtH6v/2096IDK4lt6dlQp5Ajf+kjHfUdOA==",
        "dependencies": {
          "System.Text.Encodings.Web": "9.0.7",
          "System.Text.Json": "9.0.7"
        }
      },
      "Microsoft.Extensions.Diagnostics": {
        "type": "Transitive",
        "resolved": "9.0.7",
        "contentHash": "6ykfInm6yw7pPHJACgnrPUXxUWVslFnzad44K/siXk6Ovan6fNMnXxI5X9vphHJuZ4JbMOdPIgsfTmLD+Dyxug==",
        "dependencies": {
          "Microsoft.Extensions.Configuration": "9.0.7",
          "Microsoft.Extensions.Diagnostics.Abstractions": "9.0.7",
          "Microsoft.Extensions.Options.ConfigurationExtensions": "9.0.7"
        }
      },
      "Microsoft.Extensions.Diagnostics.Abstractions": {
        "type": "Transitive",
        "resolved": "9.0.7",
        "contentHash": "d39Ov1JpeWCGLCOTinlaDkujhrSAQ0HFxb7Su1BjhCKBfmDcQ6Ia1i3JI6kd3NFgwi1dexTunu82daDNwt7E6w==",
        "dependencies": {
          "Microsoft.Extensions.DependencyInjection.Abstractions": "9.0.7",
          "Microsoft.Extensions.Options": "9.0.7",
          "System.Diagnostics.DiagnosticSource": "9.0.7"
        }
      },
      "Microsoft.Extensions.FileProviders.Abstractions": {
        "type": "Transitive",
        "resolved": "9.0.7",
        "contentHash": "y9djCca1cz/oz/J8jTxtoecNiNvaiGBJeWd7XOPxonH+FnfHqcfslJMcSr5JMinmWFyS7eh3C9L6m6oURZ5lSA==",
        "dependencies": {
          "Microsoft.Extensions.Primitives": "9.0.7"
        }
      },
      "Microsoft.Extensions.FileProviders.Physical": {
        "type": "Transitive",
        "resolved": "9.0.7",
        "contentHash": "JYEPYrb+YBpFTCdmSBrk8cg3wAi1V4so7ccq04qbhg3FQHQqgJk28L3heEOKMXcZobOBUjTnGCFJD49Ez9kG5w==",
        "dependencies": {
          "Microsoft.Extensions.FileProviders.Abstractions": "9.0.7",
          "Microsoft.Extensions.FileSystemGlobbing": "9.0.7",
          "Microsoft.Extensions.Primitives": "9.0.7"
        }
      },
      "Microsoft.Extensions.FileSystemGlobbing": {
        "type": "Transitive",
        "resolved": "9.0.7",
        "contentHash": "5VKpTH2ME0SSs0lrtkpKgjCeHzXR5ka/H+qThPwuWi78wHubApZ/atD7w69FDt0OOM7UMV6LIbkqEQgoby4IXA=="
      },
      "Microsoft.Extensions.Hosting.Abstractions": {
        "type": "Transitive",
        "resolved": "9.0.7",
        "contentHash": "yG2JCXAR+VqI1mKqynLPNJlNlrUJeEISEpX4UznOp2uM4IEFz3pDDauzyMvTjICutEJtOigJ1yWBvxbaIlibBw==",
        "dependencies": {
          "Microsoft.Extensions.Configuration.Abstractions": "9.0.7",
          "Microsoft.Extensions.DependencyInjection.Abstractions": "9.0.7",
          "Microsoft.Extensions.Diagnostics.Abstractions": "9.0.7",
          "Microsoft.Extensions.FileProviders.Abstractions": "9.0.7",
          "Microsoft.Extensions.Logging.Abstractions": "9.0.7"
        }
      },
      "Microsoft.Extensions.Logging.Abstractions": {
        "type": "Transitive",
        "resolved": "9.0.7",
        "contentHash": "sMM6NEAdUTE/elJ2wqjOi0iBWqZmSyaTByLF9e8XHv6DRJFFnOe0N+s8Uc6C91E4SboQCfLswaBIZ+9ZXA98AA==",
        "dependencies": {
          "Microsoft.Extensions.DependencyInjection.Abstractions": "9.0.7",
          "System.Diagnostics.DiagnosticSource": "9.0.7"
        }
      },
      "Microsoft.Extensions.Logging.Configuration": {
        "type": "Transitive",
        "resolved": "9.0.7",
        "contentHash": "AEBty9rvFGvdFRqgIDEhQmiCnIfQWyzVoOZrO244cfu+n9M+wI1QLDpuROVILlplIBtLVmOezAF7d1H3Qog6Xw==",
        "dependencies": {
          "Microsoft.Extensions.Configuration": "9.0.7",
          "Microsoft.Extensions.Configuration.Abstractions": "9.0.7",
          "Microsoft.Extensions.Configuration.Binder": "9.0.7",
          "Microsoft.Extensions.DependencyInjection.Abstractions": "9.0.7",
          "Microsoft.Extensions.Logging": "9.0.7",
          "Microsoft.Extensions.Logging.Abstractions": "9.0.7",
          "Microsoft.Extensions.Options": "9.0.7",
          "Microsoft.Extensions.Options.ConfigurationExtensions": "9.0.7"
        }
      },
      "Microsoft.Extensions.Logging.Console": {
        "type": "Transitive",
        "resolved": "9.0.7",
        "contentHash": "pEHlNa8iCfKsBFA3YVDn/8EicjSU/m8uDfyoR0i4svONDss4Yu9Kznw53E/TyI+TveTo7CwRid4kfd4pLYXBig==",
        "dependencies": {
          "Microsoft.Extensions.DependencyInjection.Abstractions": "9.0.7",
          "Microsoft.Extensions.Logging": "9.0.7",
          "Microsoft.Extensions.Logging.Abstractions": "9.0.7",
          "Microsoft.Extensions.Logging.Configuration": "9.0.7",
          "Microsoft.Extensions.Options": "9.0.7",
          "System.Text.Json": "9.0.7"
        }
      },
      "Microsoft.Extensions.Logging.Debug": {
        "type": "Transitive",
        "resolved": "9.0.7",
        "contentHash": "MxzZj7XbsYJwfjclVTjJym2/nVIkksu7l7tC/4HYy+YRdDmpE4B+hTzCXu3BNfLNhdLPZsWpyXuYe6UGgWDm3g==",
        "dependencies": {
          "Microsoft.Extensions.DependencyInjection.Abstractions": "9.0.7",
          "Microsoft.Extensions.Logging": "9.0.7",
          "Microsoft.Extensions.Logging.Abstractions": "9.0.7"
        }
      },
      "Microsoft.Extensions.Logging.EventLog": {
        "type": "Transitive",
        "resolved": "9.0.7",
        "contentHash": "usrMVsY7c8M8fESt34Y3eEIQIlRlKXfPDlI+vYEb6xT7SUjhua2ey3NpHgQktiTgz8Uo5RiWqGD8ieiyo2WaDA==",
        "dependencies": {
          "Microsoft.Extensions.DependencyInjection.Abstractions": "9.0.7",
          "Microsoft.Extensions.Logging": "9.0.7",
          "Microsoft.Extensions.Logging.Abstractions": "9.0.7",
          "Microsoft.Extensions.Options": "9.0.7",
          "System.Diagnostics.EventLog": "9.0.7"
        }
      },
      "Microsoft.Extensions.Logging.EventSource": {
        "type": "Transitive",
        "resolved": "9.0.7",
        "contentHash": "/wwi6ckTEegCExFV6gVToCO7CvysZnmE50fpdkYUsSMh0ue9vRkQ7uOqkHyHol93ASYTEahrp+guMtS/+fZKaA==",
        "dependencies": {
          "Microsoft.Extensions.DependencyInjection.Abstractions": "9.0.7",
          "Microsoft.Extensions.Logging": "9.0.7",
          "Microsoft.Extensions.Logging.Abstractions": "9.0.7",
          "Microsoft.Extensions.Options": "9.0.7",
          "Microsoft.Extensions.Primitives": "9.0.7",
          "System.Text.Json": "9.0.7"
        }
      },
      "Microsoft.Extensions.Options": {
        "type": "Transitive",
        "resolved": "9.0.7",
        "contentHash": "trJnF6cRWgR5uMmHpGoHmM1wOVFdIYlELlkO9zX+RfieK0321Y55zrcs4AaEymKup7dxgEN/uJU25CAcMNQRXw==",
        "dependencies": {
          "Microsoft.Extensions.DependencyInjection.Abstractions": "9.0.7",
          "Microsoft.Extensions.Primitives": "9.0.7"
        }
      },
      "Microsoft.Extensions.Options.ConfigurationExtensions": {
        "type": "Transitive",
        "resolved": "9.0.7",
        "contentHash": "pE/jeAWHEIy/8HsqYA+I1+toTsdvsv+WywAcRoNSvPoFwjOREa8Fqn7D0/i0PbiXsDLFupltTTctliePx8ib4w==",
        "dependencies": {
          "Microsoft.Extensions.Configuration.Abstractions": "9.0.7",
          "Microsoft.Extensions.Configuration.Binder": "9.0.7",
          "Microsoft.Extensions.DependencyInjection.Abstractions": "9.0.7",
          "Microsoft.Extensions.Options": "9.0.7",
          "Microsoft.Extensions.Primitives": "9.0.7"
        }
      },
      "Microsoft.Extensions.Primitives": {
        "type": "Transitive",
        "resolved": "9.0.7",
        "contentHash": "ti/zD9BuuO50IqlvhWQs9GHxkCmoph5BHjGiWKdg2t6Or8XoyAfRJiKag+uvd/fpASnNklfsB01WpZ4fhAe0VQ=="
      },
      "Microsoft.NETCore.Platforms": {
        "type": "Transitive",
        "resolved": "2.0.0",
        "contentHash": "VdLJOCXhZaEMY7Hm2GKiULmn7IEPFE4XC5LPSfBVCUIA8YLZVh846gtfBJalsPQF2PlzdD7ecX7DZEulJ402ZQ=="
      },
      "Microsoft.Web.Xdt": {
        "type": "Transitive",
        "resolved": "3.0.0",
        "contentHash": "O8T930V2+8hgC3gUnp4IFA+6b7o9PsQIvCuBOigOdz7B0ZbX0clckPsCxsPAxNC3zcaYb4ShtTimeZoA1EZpoQ=="
      },
      "NuGet.Commands": {
        "type": "Transitive",
        "resolved": "6.11.1",
        "contentHash": "iSNJ8BMuBI+WCHvRXdJHNd0gVsY90nckQsJzkjGrxawWjdF/g+s3jbHPe0LfXwtG0WTkF5Xf94X7GVgtokMoQg==",
        "dependencies": {
          "Microsoft.Extensions.FileProviders.Abstractions": "6.0.0",
          "Microsoft.Extensions.FileSystemGlobbing": "6.0.0",
          "NuGet.Credentials": "6.11.1",
          "NuGet.ProjectModel": "6.11.1"
        }
      },
      "NuGet.Credentials": {
        "type": "Transitive",
        "resolved": "6.11.1",
        "contentHash": "IjrjqRjvsNH3tIuR+5/kjAbCWt8Cc5hyS/DFQBfh2jxkSNooQBIQoB6TRnAIScVfgIjo72RdTPTa4vg9fg/6fw==",
        "dependencies": {
          "NuGet.Protocol": "6.11.1"
        }
      },
      "NuGet.DependencyResolver.Core": {
        "type": "Transitive",
        "resolved": "6.11.1",
        "contentHash": "vw4uYwXc1zarWBbC/eZToQIqOYtGqGOBIadfk2p2VKbJQk3eTeEbOa5Qsxl8J3gAIXb2SVSE0MOFydbpgEvL6g==",
        "dependencies": {
          "NuGet.Configuration": "6.11.1",
          "NuGet.LibraryModel": "6.11.1",
          "NuGet.Protocol": "6.11.1"
        }
      },
      "NuGet.LibraryModel": {
        "type": "Transitive",
        "resolved": "6.11.1",
        "contentHash": "An4JAcY8FuYF2Sq8X/9QPQRC7veD28z1FZAV6n57fJpTYYDd32aD7MuxPsXKGIyA6iVMcJ00pSpoGELQecXZLQ==",
        "dependencies": {
          "NuGet.Common": "6.11.1",
          "NuGet.Versioning": "6.11.1"
        }
      },
      "NuGet.Packaging": {
        "type": "Transitive",
        "resolved": "6.11.1",
        "contentHash": "wiofIUUr7khwuaGXiOibMb7+dEkF97EVsAmzlaNc188HV9ujjqweQMuVCoAK2/MqXdhnrKjvicUfKo9CPsNnfg==",
        "dependencies": {
          "Newtonsoft.Json": "13.0.3",
          "NuGet.Configuration": "6.11.1",
          "NuGet.Versioning": "6.11.1",
          "System.Security.Cryptography.Pkcs": "6.0.4"
        }
      },
      "NuGet.ProjectModel": {
        "type": "Transitive",
        "resolved": "6.11.1",
        "contentHash": "/91qJLUq3njYsRL4E2r0+cS6xKuePpt9vzweAH7cm2lKBIYKxRhzx6elzRm3jsGMwlcABn0bYl6PXx81Y0SMGg==",
        "dependencies": {
          "NuGet.DependencyResolver.Core": "6.11.1"
        }
      },
      "SQLitePCLRaw.bundle_e_sqlite3": {
        "type": "Transitive",
        "resolved": "2.1.10",
        "contentHash": "UxWuisvZ3uVcVOLJQv7urM/JiQH+v3TmaJc1BLKl5Dxfm/nTzTUrqswCqg/INiYLi61AXnHo1M1JPmPqqLnAdg==",
        "dependencies": {
          "SQLitePCLRaw.lib.e_sqlite3": "2.1.10",
          "SQLitePCLRaw.provider.e_sqlite3": "2.1.10"
        }
      },
      "SQLitePCLRaw.core": {
        "type": "Transitive",
        "resolved": "2.1.10",
        "contentHash": "Ii8JCbC7oiVclaE/mbDEK000EFIJ+ShRPwAvvV89GOZhQ+ZLtlnSWl6ksCNMKu/VGXA4Nfi2B7LhN/QFN9oBcw==",
        "dependencies": {
          "System.Memory": "4.5.3"
        }
      },
      "SQLitePCLRaw.lib.e_sqlite3": {
        "type": "Transitive",
        "resolved": "2.1.10",
        "contentHash": "mAr69tDbnf3QJpRy2nJz8Qdpebdil00fvycyByR58Cn9eARvR+UiG2Vzsp+4q1tV3ikwiYIjlXCQFc12GfebbA=="
      },
      "SQLitePCLRaw.provider.e_sqlite3": {
        "type": "Transitive",
        "resolved": "2.1.10",
        "contentHash": "uZVTi02C1SxqzgT0HqTWatIbWGb40iIkfc3FpFCpE/r7g6K0PqzDUeefL6P6HPhDtc6BacN3yQysfzP7ks+wSQ==",
        "dependencies": {
          "SQLitePCLRaw.core": "2.1.10"
        }
      },
      "System.Collections.Immutable": {
        "type": "Transitive",
        "resolved": "9.0.0",
        "contentHash": "QhkXUl2gNrQtvPmtBTQHb0YsUrDiDQ2QS09YbtTTiSjGcf7NBqtYbrG/BE06zcBPCKEwQGzIv13IVdXNOSub2w=="
      },
      "System.ComponentModel.Composition": {
        "type": "Transitive",
        "resolved": "4.5.0",
        "contentHash": "+iB9FoZnfdqMEGq6np28X6YNSUrse16CakmIhV3h6PxEWt7jYxUN3Txs1D8MZhhf4QmyvK0F/EcIN0f4gGN0dA==",
        "dependencies": {
          "System.Security.Permissions": "4.5.0"
        }
      },
      "System.Configuration.ConfigurationManager": {
        "type": "Transitive",
        "resolved": "9.0.7",
        "contentHash": "T8Q/AkI7hL82+O/ARCAKrVliQOPtMtYuv+4SFVhkXVo8dwPll4y3Ls0T1RIbuspNYxC1uL1zfa3sckOveVNlSg==",
        "dependencies": {
          "System.Diagnostics.EventLog": "9.0.7",
          "System.Security.Cryptography.ProtectedData": "9.0.7"
        }
      },
      "System.Diagnostics.DiagnosticSource": {
        "type": "Transitive",
        "resolved": "9.0.7",
        "contentHash": "i0uHOKl+qabSYMpY8i676wgi8TI9D3yJIh9s8eog9xhcIqWiA+8khfYkAumCmTkJNMsI7qV527VTeSiQc6tPWA=="
      },
      "System.Diagnostics.EventLog": {
        "type": "Transitive",
        "resolved": "9.0.7",
        "contentHash": "AJ+9fyCtQUImntxAJ9l4PZiCd4iepuk4pm7Qcno7PBIWQnfXlvwKuFsGk2H+QyY69GUVzDP2heELW6ho5BCXUg=="
      },
      "System.Formats.Asn1": {
        "type": "Transitive",
        "resolved": "6.0.0",
        "contentHash": "T6fD00dQ3NTbPDy31m4eQUwKW84s03z0N2C8HpOklyeaDgaJPa/TexP4/SkORMSOwc7WhKifnA6Ya33AkzmafA=="
      },
      "System.IO.Pipelines": {
        "type": "Transitive",
        "resolved": "9.0.7",
        "contentHash": "I9KHYFNKQkufs/Ec7evpPPSu2HkuW+jNpq1kT0WOWjzuN6BjxRYy7CuWNLjQmuBzcKd9vKrHaPGcHVxSF5DadQ=="
      },
      "System.Memory": {
        "type": "Transitive",
        "resolved": "4.5.3",
        "contentHash": "3oDzvc/zzetpTKWMShs1AADwZjQ/36HnsufHRPcOjyRAAMLDlu2iD33MBI2opxnezcVUtXyqDXXjoFMOU9c7SA=="
      },
      "System.Reflection.Metadata": {
        "type": "Transitive",
        "resolved": "9.0.0",
        "contentHash": "ANiqLu3DxW9kol/hMmTWbt3414t9ftdIuiIU7j80okq2YzAueo120M442xk1kDJWtmZTqWQn7wHDvMRipVOEOQ==",
        "dependencies": {
          "System.Collections.Immutable": "9.0.0"
        }
      },
      "System.Security.AccessControl": {
        "type": "Transitive",
        "resolved": "4.5.0",
        "contentHash": "vW8Eoq0TMyz5vAG/6ce483x/CP83fgm4SJe5P8Tb1tZaobcvPrbMEL7rhH1DRdrYbbb6F0vq3OlzmK0Pkwks5A==",
        "dependencies": {
          "Microsoft.NETCore.Platforms": "2.0.0",
          "System.Security.Principal.Windows": "4.5.0"
        }
      },
      "System.Security.Cryptography.Pkcs": {
        "type": "Transitive",
        "resolved": "6.0.4",
        "contentHash": "LGbXi1oUJ9QgCNGXRO9ndzBL/GZgANcsURpMhNR8uO+rca47SZmciS3RSQUvlQRwK3QHZSHNOXzoMUASKA+Anw==",
        "dependencies": {
          "System.Formats.Asn1": "6.0.0"
        }
      },
      "System.Security.Cryptography.ProtectedData": {
        "type": "Transitive",
        "resolved": "9.0.7",
        "contentHash": "OAiDZTyzIzgbtrjzbMlprCxvlXpFW7q+JVOSEc/v4jgLBF4hVSey0MQ06MyctGjspKyJBdGj6k6MuqjiZV9c5Q=="
      },
      "System.Security.Permissions": {
        "type": "Transitive",
        "resolved": "4.5.0",
        "contentHash": "9gdyuARhUR7H+p5CjyUB/zPk7/Xut3wUSP8NJQB6iZr8L3XUXTMdoLeVAg9N4rqF8oIpE7MpdqHdDHQ7XgJe0g==",
        "dependencies": {
          "System.Security.AccessControl": "4.5.0"
        }
      },
      "System.Security.Principal.Windows": {
        "type": "Transitive",
        "resolved": "4.5.0",
        "contentHash": "U77HfRXlZlOeIXd//Yoj6Jnk8AXlbeisf1oq1os+hxOGVnuG+lGSfGqTwTZBoORFF6j/0q7HXIl8cqwQ9aUGqQ==",
        "dependencies": {
          "Microsoft.NETCore.Platforms": "2.0.0"
        }
      },
      "System.Text.Encodings.Web": {
        "type": "Transitive",
        "resolved": "9.0.7",
        "contentHash": "WswuKENaV4gC4ZYZi8BhehJHHRdyZQzXEYv/lV8DHW9FwkdnKaTutdRbK/S1wHZtKUUzzptBPAX2XOxdoURkMw=="
      }
    }
  }
}